
Microsoft Visual Studio Solution File, Format Version 12.00
# Visual Studio Version 17
VisualStudioVersion = 17.1.32421.90
MinimumVisualStudioVersion = 10.0.40219.1
Project("{9A19103F-16F7-4668-BE54-9A1E7A4F7556}") = "OfficeOpenXml.Extension.AspNetCore", "src\OfficeOpenXml.Extention.AspNetCore\OfficeOpenXml.Extension.AspNetCore.csproj", "{961556A2-CFFD-45E1-B4EA-0A434A242AE4}"
EndProject
Project("{2150E333-8FDC-42A3-9474-1A3956D46DE8}") = "doc", "doc", "{F85F9DAB-409C-41F8-B1D7-22E4556B0D20}"
	ProjectSection(SolutionItems) = preProject
		LICENSE = LICENSE
		README.md = README.md
	EndProjectSection
EndProject
Project("{2150E333-8FDC-42A3-9474-1A3956D46DE8}") = "src", "src", "{EC9A65A4-2583-4848-A8FC-89736815B388}"
EndProject
Project("{2150E333-8FDC-42A3-9474-1A3956D46DE8}") = "samples", "samples", "{03BADF4D-BB60-4D2A-B830-B265D71058DA}"
EndProject
Project("{9A19103F-16F7-4668-BE54-9A1E7A4F7556}") = "OfficeOpenXmlSample", "samples\OfficeOpenXmlSample\OfficeOpenXmlSample.csproj", "{EE189B15-F7D4-4279-9118-D6272C10BCAA}"
EndProject
Project("{2150E333-8FDC-42A3-9474-1A3956D46DE8}") = "net45", "net45", "{56E4932E-DB98-4E11-B404-E9323E93F4BE}"
EndProject
Project("{2150E333-8FDC-42A3-9474-1A3956D46DE8}") = "net452", "net452", "{144D92AE-154F-4026-8712-5043D57ED5C2}"
EndProject
Project("{2150E333-8FDC-42A3-9474-1A3956D46DE8}") = "net462", "net462", "{C880935E-BCBD-4B36-98E9-99771DA9BF9E}"
EndProject
Project("{FAE04EC0-301F-11D3-BF4B-00C04F79EFBC}") = "ConsoleApp", "samples\net45\ConsoleApp\ConsoleApp.csproj", "{ABA1A316-7473-48F3-A299-353B2C9E061E}"
EndProject
Project("{FAE04EC0-301F-11D3-BF4B-00C04F79EFBC}") = "ConsoleApp1", "samples\net45\ConsoleApp1\ConsoleApp1.csproj", "{B56953FD-E3D1-4890-9086-DF9F93629E5D}"
EndProject
Project("{FAE04EC0-301F-11D3-BF4B-00C04F79EFBC}") = "ConsoleApp", "samples\net452\ConsoleApp\ConsoleApp.csproj", "{2D3F1BA5-25CE-47EF-886D-0522C30BB683}"
EndProject
Project("{FAE04EC0-301F-11D3-BF4B-00C04F79EFBC}") = "ConsoleApp2", "samples\net452\ConsoleApp2\ConsoleApp2.csproj", "{B9443A2D-4E33-4065-A94E-94EC9128AE23}"
EndProject
Project("{FAE04EC0-301F-11D3-BF4B-00C04F79EFBC}") = "ConsoleApp", "samples\net462\ConsoleApp\ConsoleApp.csproj", "{77D30628-B90F-4407-B01E-18DD9E5F8DF8}"
EndProject
Project("{FAE04EC0-301F-11D3-BF4B-00C04F79EFBC}") = "ConsoleApp3", "samples\net462\ConsoleApp3\ConsoleApp3.csproj", "{0303577A-427E-454F-9CE0-F2C4D4A38290}"
EndProject
Global
	GlobalSection(SolutionConfigurationPlatforms) = preSolution
		Debug|Any CPU = Debug|Any CPU
		Release|Any CPU = Release|Any CPU
	EndGlobalSection
	GlobalSection(ProjectConfigurationPlatforms) = postSolution
		{961556A2-CFFD-45E1-B4EA-0A434A242AE4}.Debug|Any CPU.ActiveCfg = Debug|Any CPU
		{961556A2-CFFD-45E1-B4EA-0A434A242AE4}.Debug|Any CPU.Build.0 = Debug|Any CPU
		{961556A2-CFFD-45E1-B4EA-0A434A242AE4}.Release|Any CPU.ActiveCfg = Release|Any CPU
		{961556A2-CFFD-45E1-B4EA-0A434A242AE4}.Release|Any CPU.Build.0 = Release|Any CPU
		{EE189B15-F7D4-4279-9118-D6272C10BCAA}.Debug|Any CPU.ActiveCfg = Debug|Any CPU
		{EE189B15-F7D4-4279-9118-D6272C10BCAA}.Debug|Any CPU.Build.0 = Debug|Any CPU
		{EE189B15-F7D4-4279-9118-D6272C10BCAA}.Release|Any CPU.ActiveCfg = Release|Any CPU
		{EE189B15-F7D4-4279-9118-D6272C10BCAA}.Release|Any CPU.Build.0 = Release|Any CPU
		{ABA1A316-7473-48F3-A299-353B2C9E061E}.Debug|Any CPU.ActiveCfg = Debug|Any CPU
		{ABA1A316-7473-48F3-A299-353B2C9E061E}.Debug|Any CPU.Build.0 = Debug|Any CPU
		{ABA1A316-7473-48F3-A299-353B2C9E061E}.Release|Any CPU.ActiveCfg = Release|Any CPU
		{ABA1A316-7473-48F3-A299-353B2C9E061E}.Release|Any CPU.Build.0 = Release|Any CPU
		{B56953FD-E3D1-4890-9086-DF9F93629E5D}.Debug|Any CPU.ActiveCfg = Debug|Any CPU
		{B56953FD-E3D1-4890-9086-DF9F93629E5D}.Debug|Any CPU.Build.0 = Debug|Any CPU
		{B56953FD-E3D1-4890-9086-DF9F93629E5D}.Release|Any CPU.ActiveCfg = Release|Any CPU
		{B56953FD-E3D1-4890-9086-DF9F93629E5D}.Release|Any CPU.Build.0 = Release|Any CPU
		{2D3F1BA5-25CE-47EF-886D-0522C30BB683}.Debug|Any CPU.ActiveCfg = Debug|Any CPU
		{2D3F1BA5-25CE-47EF-886D-0522C30BB683}.Debug|Any CPU.Build.0 = Debug|Any CPU
		{2D3F1BA5-25CE-47EF-886D-0522C30BB683}.Release|Any CPU.ActiveCfg = Release|Any CPU
		{2D3F1BA5-25CE-47EF-886D-0522C30BB683}.Release|Any CPU.Build.0 = Release|Any CPU
		{B9443A2D-4E33-4065-A94E-94EC9128AE23}.Debug|Any CPU.ActiveCfg = Debug|Any CPU
		{B9443A2D-4E33-4065-A94E-94EC9128AE23}.Debug|Any CPU.Build.0 = Debug|Any CPU
		{B9443A2D-4E33-4065-A94E-94EC9128AE23}.Release|Any CPU.ActiveCfg = Release|Any CPU
		{B9443A2D-4E33-4065-A94E-94EC9128AE23}.Release|Any CPU.Build.0 = Release|Any CPU
		{77D30628-B90F-4407-B01E-18DD9E5F8DF8}.Debug|Any CPU.ActiveCfg = Debug|Any CPU
		{77D30628-B90F-4407-B01E-18DD9E5F8DF8}.Debug|Any CPU.Build.0 = Debug|Any CPU
		{77D30628-B90F-4407-B01E-18DD9E5F8DF8}.Release|Any CPU.ActiveCfg = Release|Any CPU
		{77D30628-B90F-4407-B01E-18DD9E5F8DF8}.Release|Any CPU.Build.0 = Release|Any CPU
		{0303577A-427E-454F-9CE0-F2C4D4A38290}.Debug|Any CPU.ActiveCfg = Debug|Any CPU
		{0303577A-427E-454F-9CE0-F2C4D4A38290}.Debug|Any CPU.Build.0 = Debug|Any CPU
		{0303577A-427E-454F-9CE0-F2C4D4A38290}.Release|Any CPU.ActiveCfg = Release|Any CPU
		{0303577A-427E-454F-9CE0-F2C4D4A38290}.Release|Any CPU.Build.0 = Release|Any CPU
	EndGlobalSection
	GlobalSection(SolutionProperties) = preSolution
		HideSolutionNode = FALSE
	EndGlobalSection
	GlobalSection(NestedProjects) = preSolution
		{961556A2-CFFD-45E1-B4EA-0A434A242AE4} = {EC9A65A4-2583-4848-A8FC-89736815B388}
		{EE189B15-F7D4-4279-9118-D6272C10BCAA} = {03BADF4D-BB60-4D2A-B830-B265D71058DA}
		{56E4932E-DB98-4E11-B404-E9323E93F4BE} = {03BADF4D-BB60-4D2A-B830-B265D71058DA}
		{144D92AE-154F-4026-8712-5043D57ED5C2} = {03BADF4D-BB60-4D2A-B830-B265D71058DA}
		{C880935E-BCBD-4B36-98E9-99771DA9BF9E} = {03BADF4D-BB60-4D2A-B830-B265D71058DA}
		{ABA1A316-7473-48F3-A299-353B2C9E061E} = {56E4932E-DB98-4E11-B404-E9323E93F4BE}
		{B56953FD-E3D1-4890-9086-DF9F93629E5D} = {56E4932E-DB98-4E11-B404-E9323E93F4BE}
		{2D3F1BA5-25CE-47EF-886D-0522C30BB683} = {144D92AE-154F-4026-8712-5043D57ED5C2}
		{B9443A2D-4E33-4065-A94E-94EC9128AE23} = {144D92AE-154F-4026-8712-5043D57ED5C2}
		{77D30628-B90F-4407-B01E-18DD9E5F8DF8} = {C880935E-BCBD-4B36-98E9-99771DA9BF9E}
		{0303577A-427E-454F-9CE0-F2C4D4A38290} = {C880935E-BCBD-4B36-98E9-99771DA9BF9E}
	EndGlobalSection
	GlobalSection(ExtensibilityGlobals) = postSolution
		SolutionGuid = {66AD2949-15DB-4A48-8ECD-A42DD5755A6E}
	EndGlobalSection
EndGlobal
