
Microsoft Visual Studio Solution File, Format Version 12.00
# Visual Studio Version 17
VisualStudioVersion = 17.1.32421.90
MinimumVisualStudioVersion = 10.0.40219.1
Project("{9A19103F-16F7-4668-BE54-9A1E7A4F7556}") = "OfficeOpenXml.Extention.AspNetCore", "src\OfficeOpenXml.Extention.AspNetCore\OfficeOpenXml.Extention.AspNetCore.csproj", "{961556A2-CFFD-45E1-B4EA-0A434A242AE4}"
EndProject
Project("{2150E333-8FDC-42A3-9474-1A3956D46DE8}") = "doc", "doc", "{F85F9DAB-409C-41F8-B1D7-22E4556B0D20}"
	ProjectSection(SolutionItems) = preProject
		LICENSE = LICENSE
		README.md = README.md
	EndProjectSection
EndProject
Project("{2150E333-8FDC-42A3-9474-1A3956D46DE8}") = "src", "src", "{EC9A65A4-2583-4848-A8FC-89736815B388}"
EndProject
Project("{2150E333-8FDC-42A3-9474-1A3956D46DE8}") = "samples", "samples", "{03BADF4D-BB60-4D2A-B830-B265D71058DA}"
EndProject
Project("{FAE04EC0-301F-11D3-BF4B-00C04F79EFBC}") = "Test", "samples\Test\Test.csproj", "{2A2E6AE9-9083-4AAD-84E1-B470FC69A992}"
EndProject
Global
	GlobalSection(SolutionConfigurationPlatforms) = preSolution
		Debug|Any CPU = Debug|Any CPU
		Release|Any CPU = Release|Any CPU
	EndGlobalSection
	GlobalSection(ProjectConfigurationPlatforms) = postSolution
		{961556A2-CFFD-45E1-B4EA-0A434A242AE4}.Debug|Any CPU.ActiveCfg = Debug|Any CPU
		{961556A2-CFFD-45E1-B4EA-0A434A242AE4}.Debug|Any CPU.Build.0 = Debug|Any CPU
		{961556A2-CFFD-45E1-B4EA-0A434A242AE4}.Release|Any CPU.ActiveCfg = Release|Any CPU
		{961556A2-CFFD-45E1-B4EA-0A434A242AE4}.Release|Any CPU.Build.0 = Release|Any CPU
		{2A2E6AE9-9083-4AAD-84E1-B470FC69A992}.Debug|Any CPU.ActiveCfg = Debug|Any CPU
		{2A2E6AE9-9083-4AAD-84E1-B470FC69A992}.Debug|Any CPU.Build.0 = Debug|Any CPU
		{2A2E6AE9-9083-4AAD-84E1-B470FC69A992}.Release|Any CPU.ActiveCfg = Release|Any CPU
		{2A2E6AE9-9083-4AAD-84E1-B470FC69A992}.Release|Any CPU.Build.0 = Release|Any CPU
	EndGlobalSection
	GlobalSection(SolutionProperties) = preSolution
		HideSolutionNode = FALSE
	EndGlobalSection
	GlobalSection(NestedProjects) = preSolution
		{961556A2-CFFD-45E1-B4EA-0A434A242AE4} = {EC9A65A4-2583-4848-A8FC-89736815B388}
		{2A2E6AE9-9083-4AAD-84E1-B470FC69A992} = {03BADF4D-BB60-4D2A-B830-B265D71058DA}
	EndGlobalSection
	GlobalSection(ExtensibilityGlobals) = postSolution
		SolutionGuid = {66AD2949-15DB-4A48-8ECD-A42DD5755A6E}
	EndGlobalSection
EndGlobal
